<Solution>
  <Folder Name="/src/">
    <Project Path="src/Agents.Core.Contracts/Agents.Core.Contracts.csproj" />
    <Project Path="src/Agents.Core.Coordination/Agents.Core.Coordination.csproj" />
    <Project Path="src/Agents.Core.LlmGateway/Agents.Core.LlmGateway.csproj" />
    <Project Path="src/Agents.Core.Memory/Agents.Core.Memory.csproj" />
    <Project Path="src/Agents.MicroAgents/Agents.MicroAgents.csproj" />
    <Project Path="src/Agents.Plugins/Agents.Plugins.csproj" />
    <Project Path="src/Agents.Security/Agents.Security.csproj" />
    <Project Path="src/Agents.Tools/Agents.Tools.csproj" />
  </Folder>
</Solution>
