<Solution>
  <Folder Name="/src/">
    <Project Path="src/Agents.Core.Contracts/Agents.Core.Contracts.csproj" />
    <Project Path="src/Agents.Core.Coordination/Agents.Core.Coordination.csproj" />
    <Project Path="src/Agents.Core.LlmGateway/Agents.Core.LlmGateway.csproj" />
    <Project Path="src/Agents.Core.Memory/Agents.Core.Memory.csproj" />
    <Project Path="src/Agents.MicroAgents/Agents.MicroAgents.csproj" />
    <Project Path="src/Agents.Plugins/Agents.Plugins.csproj" />
    <Project Path="src/Agents.Security/Agents.Security.csproj" />
    <Project Path="src/Agents.Tools/Agents.Tools.csproj" />
  </Folder>
  <Folder Name="/tests/">
    <Project Path="tests/Agents.Core.Contracts.Tests/Agents.Core.Contracts.Tests.csproj" />
    <Project Path="tests/Agents.Core.Coordination.Tests/Agents.Core.Coordination.Tests.csproj" />
    <Project Path="tests/Agents.Core.LlmGateway.Tests/Agents.Core.LlmGateway.Tests.csproj" />
    <Project Path="tests/Agents.Core.Memory.Tests/Agents.Core.Memory.Tests.csproj" />
    <Project Path="tests/Agents.MicroAgents.Tests/Agents.MicroAgents.Tests.csproj" />
    <Project Path="tests/Agents.Plugins.Tests/Agents.Plugins.Tests.csproj" />
    <Project Path="tests/Agents.Security.Tests/Agents.Security.Tests.csproj" />
    <Project Path="tests/Agents.Tools.Tests/Agents.Tools.Tests.csproj" />
  </Folder>
</Solution>
